{
  "pins" : [
    {
      "identity" : "rxswift",
      "kind" : "remoteSourceControl",
      "location" : "https://github.com/ReactiveX/RxSwift.git",
      "state" : {
        "revision" : "9dcaa4b333db437b0fbfaf453fad29069044a8b4",
        "version" : "6.6.0"
      }
    },
    {
      "identity" : "screenshotpreventing",
      "kind" : "remoteSourceControl",
      "location" : "https://github.com/yoxisem544/ScreenshotPreventing.git",
      "state" : {
        "revision" : "10d868c738ec1debba944388c5941dac957e9a8d",
        "version" : "1.4.0"
      }
    }
  ],
  "version" : 2
}
